// !$*UTF8*$!
{
	archiveVersion = 1;
	classes = {
	};
	objectVersion = 50;
	objects = {

/* Begin PBXBuildFile section */
		055CB27925A7676900053F18 /* AppDelegate.swift in Sources */ = {isa = PBXBuildFile; fileRef = 055CB27825A7676900053F18 /* AppDelegate.swift */; };
		055CB27B25A7676900053F18 /* SceneDelegate.swift in Sources */ = {isa = PBXBuildFile; fileRef = 055CB27A25A7676900053F18 /* SceneDelegate.swift */; };
		055CB27D25A7676900053F18 /* ViewController.swift in Sources */ = {isa = PBXBuildFile; fileRef = 055CB27C25A7676900053F18 /* ViewController.swift */; };
		055CB28025A7676900053F18 /* Main.storyboard in Resources */ = {isa = PBXBuildFile; fileRef = 055CB27E25A7676900053F18 /* Main.storyboard */; };
		055CB28225A7676B00053F18 /* Assets.xcassets in Resources */ = {isa = PBXBuildFile; fileRef = 055CB28125A7676B00053F18 /* Assets.xcassets */; };
		055CB28525A7676B00053F18 /* LaunchScreen.storyboard in Resources */ = {isa = PBXBuildFile; fileRef = 055CB28325A7676B00053F18 /* LaunchScreen.storyboard */; };
		055CB28E25A767D000053F18 /* UIView+Extension.swift in Sources */ = {isa = PBXBuildFile; fileRef = 055CB28D25A767D000053F18 /* UIView+Extension.swift */; };
		055CB29125A7689C00053F18 /* CustomPageViewController.swift in Sources */ = {isa = PBXBuildFile; fileRef = 055CB29025A7689C00053F18 /* CustomPageViewController.swift */; };
		9ED465B562EB35DFE585DE70 /* Pods_DemoCustomPageViewController.framework in Frameworks */ = {isa = PBXBuildFile; fileRef = 412AE2790DB62D09DE64A7F5 /* Pods_DemoCustomPageViewController.framework */; };
/* End PBXBuildFile section */

/* Begin PBXFileReference section */
		055CB27525A7676900053F18 /* DemoCustomPageViewController.app */ = {isa = PBXFileReference; explicitFileType = wrapper.application; includeInIndex = 0; path = DemoCustomPageViewController.app; sourceTree = BUILT_PRODUCTS_DIR; };
		055CB27825A7676900053F18 /* AppDelegate.swift */ = {isa = PBXFileReference; lastKnownFileType = sourcecode.swift; path = AppDelegate.swift; sourceTree = "<group>"; };
		055CB27A25A7676900053F18 /* SceneDelegate.swift */ = {isa = PBXFileReference; lastKnownFileType = sourcecode.swift; path = SceneDelegate.swift; sourceTree = "<group>"; };
		055CB27C25A7676900053F18 /* ViewController.swift */ = {isa = PBXFileReference; lastKnownFileType = sourcecode.swift; path = ViewController.swift; sourceTree = "<group>"; };
		055CB27F25A7676900053F18 /* Base */ = {isa = PBXFileReference; lastKnownFileType = file.storyboard; name = Base; path = Base.lproj/Main.storyboard; sourceTree = "<group>"; };
		055CB28125A7676B00053F18 /* Assets.xcassets */ = {isa = PBXFileReference; lastKnownFileType = folder.assetcatalog; path = Assets.xcassets; sourceTree = "<group>"; };
		055CB28425A7676B00053F18 /* Base */ = {isa = PBXFileReference; lastKnownFileType = file.storyboard; name = Base; path = Base.lproj/LaunchScreen.storyboard; sourceTree = "<group>"; };
		055CB28625A7676B00053F18 /* Info.plist */ = {isa = PBXFileReference; lastKnownFileType = text.plist.xml; path = Info.plist; sourceTree = "<group>"; };
		055CB28D25A767D000053F18 /* UIView+Extension.swift */ = {isa = PBXFileReference; lastKnownFileType = sourcecode.swift; path = "UIView+Extension.swift"; sourceTree = "<group>"; };
		055CB29025A7689C00053F18 /* CustomPageViewController.swift */ = {isa = PBXFileReference; lastKnownFileType = sourcecode.swift; path = CustomPageViewController.swift; sourceTree = "<group>"; };
		412AE2790DB62D09DE64A7F5 /* Pods_DemoCustomPageViewController.framework */ = {isa = PBXFileReference; explicitFileType = wrapper.framework; includeInIndex = 0; path = Pods_DemoCustomPageViewController.framework; sourceTree = BUILT_PRODUCTS_DIR; };
		43D98624B8C05FC08E26FD9A /* Pods-DemoCustomPageViewController.debug.xcconfig */ = {isa = PBXFileReference; includeInIndex = 1; lastKnownFileType = text.xcconfig; name = "Pods-DemoCustomPageViewController.debug.xcconfig"; path = "Target Support Files/Pods-DemoCustomPageViewController/Pods-DemoCustomPageViewController.debug.xcconfig"; sourceTree = "<group>"; };
		AFDC9B54B678567778432A8B /* Pods-DemoCustomPageViewController.release.xcconfig */ = {isa = PBXFileReference; includeInIndex = 1; lastKnownFileType = text.xcconfig; name = "Pods-DemoCustomPageViewController.release.xcconfig"; path = "Target Support Files/Pods-DemoCustomPageViewController/Pods-DemoCustomPageViewController.release.xcconfig"; sourceTree = "<group>"; };
/* End PBXFileReference section */

/* Begin PBXFrameworksBuildPhase section */
		055CB27225A7676900053F18 /* Frameworks */ = {
			isa = PBXFrameworksBuildPhase;
			buildActionMask = 2147483647;
			files = (
				9ED465B562EB35DFE585DE70 /* Pods_DemoCustomPageViewController.framework in Frameworks */,
			);
			runOnlyForDeploymentPostprocessing = 0;
		};
/* End PBXFrameworksBuildPhase section */

/* Begin PBXGroup section */
		0533227DD09EAC57975752B3 /* Pods */ = {
			isa = PBXGroup;
			children = (
				43D98624B8C05FC08E26FD9A /* Pods-DemoCustomPageViewController.debug.xcconfig */,
				AFDC9B54B678567778432A8B /* Pods-DemoCustomPageViewController.release.xcconfig */,
			);
			name = Pods;
			path = Pods;
			sourceTree = "<group>";
		};
		055CB26C25A7676900053F18 = {
			isa = PBXGroup;
			children = (
				055CB27725A7676900053F18 /* DemoCustomPageViewController */,
				055CB27625A7676900053F18 /* Products */,
				0533227DD09EAC57975752B3 /* Pods */,
				B19ADF12C8954976AA2FE0BB /* Frameworks */,
			);
			sourceTree = "<group>";
		};
		055CB27625A7676900053F18 /* Products */ = {
			isa = PBXGroup;
			children = (
				055CB27525A7676900053F18 /* DemoCustomPageViewController.app */,
			);
			name = Products;
			sourceTree = "<group>";
		};
		055CB27725A7676900053F18 /* DemoCustomPageViewController */ = {
			isa = PBXGroup;
			children = (
				055CB27825A7676900053F18 /* AppDelegate.swift */,
				055CB27A25A7676900053F18 /* SceneDelegate.swift */,
				055CB27C25A7676900053F18 /* ViewController.swift */,
				055CB27E25A7676900053F18 /* Main.storyboard */,
				055CB28125A7676B00053F18 /* Assets.xcassets */,
				055CB28325A7676B00053F18 /* LaunchScreen.storyboard */,
				055CB28625A7676B00053F18 /* Info.plist */,
				055CB28D25A767D000053F18 /* UIView+Extension.swift */,
				055CB29025A7689C00053F18 /* CustomPageViewController.swift */,
			);
			path = DemoCustomPageViewController;
			sourceTree = "<group>";
		};
		B19ADF12C8954976AA2FE0BB /* Frameworks */ = {
			isa = PBXGroup;
			children = (
				412AE2790DB62D09DE64A7F5 /* Pods_DemoCustomPageViewController.framework */,
			);
			name = Frameworks;
			sourceTree = "<group>";
		};
/* End PBXGroup section */

/* Begin PBXNativeTarget section */
		055CB27425A7676900053F18 /* DemoCustomPageViewController */ = {
			isa = PBXNativeTarget;
			buildConfigurationList = 055CB28925A7676B00053F18 /* Build configuration list for PBXNativeTarget "DemoCustomPageViewController" */;
			buildPhases = (
				3EC458A1BFF5F391F9458954 /* [CP] Check Pods Manifest.lock */,
				055CB27125A7676900053F18 /* Sources */,
				055CB27225A7676900053F18 /* Frameworks */,
				055CB27325A7676900053F18 /* Resources */,
				6A754380CF4775B05A412576 /* [CP] Embed Pods Frameworks */,
			);
			buildRules = (
			);
			dependencies = (
			);
			name = DemoCustomPageViewController;
			productName = DemoCustomPageViewController;
			productReference = 055CB27525A7676900053F18 /* DemoCustomPageViewController.app */;
			productType = "com.apple.product-type.application";
		};
/* End PBXNativeTarget section */

/* Begin PBXProject section */
		055CB26D25A7676900053F18 /* Project object */ = {
			isa = PBXProject;
			attributes = {
				LastSwiftUpdateCheck = 1220;
				LastUpgradeCheck = 1220;
				TargetAttributes = {
					055CB27425A7676900053F18 = {
						CreatedOnToolsVersion = 12.2;
					};
				};
			};
			buildConfigurationList = 055CB27025A7676900053F18 /* Build configuration list for PBXProject "DemoCustomPageViewController" */;
			compatibilityVersion = "Xcode 9.3";
			developmentRegion = en;
			hasScannedForEncodings = 0;
			knownRegions = (
				en,
				Base,
			);
			mainGroup = 055CB26C25A7676900053F18;
			productRefGroup = 055CB27625A7676900053F18 /* Products */;
			projectDirPath = "";
			projectRoot = "";
			targets = (
				055CB27425A7676900053F18 /* DemoCustomPageViewController */,
			);
		};
/* End PBXProject section */

/* Begin PBXResourcesBuildPhase section */
		055CB27325A7676900053F18 /* Resources */ = {
			isa = PBXResourcesBuildPhase;
			buildActionMask = 2147483647;
			files = (
				055CB28525A7676B00053F18 /* LaunchScreen.storyboard in Resources */,
				055CB28225A7676B00053F18 /* Assets.xcassets in Resources */,
				055CB28025A7676900053F18 /* Main.storyboard in Resources */,
			);
			runOnlyForDeploymentPostprocessing = 0;
		};
/* End PBXResourcesBuildPhase section */

/* Begin PBXShellScriptBuildPhase section */
		3EC458A1BFF5F391F9458954 /* [CP] Check Pods Manifest.lock */ = {
			isa = PBXShellScriptBuildPhase;
			buildActionMask = 2147483647;
			files = (
			);
			inputFileListPaths = (
			);
			inputPaths = (
				"${PODS_PODFILE_DIR_PATH}/Podfile.lock",
				"${PODS_ROOT}/Manifest.lock",
			);
			name = "[CP] Check Pods Manifest.lock";
			outputFileListPaths = (
			);
			outputPaths = (
				"$(DERIVED_FILE_DIR)/Pods-DemoCustomPageViewController-checkManifestLockResult.txt",
			);
			runOnlyForDeploymentPostprocessing = 0;
			shellPath = /bin/sh;
			shellScript = "diff \"${PODS_PODFILE_DIR_PATH}/Podfile.lock\" \"${PODS_ROOT}/Manifest.lock\" > /dev/null\nif [ $? != 0 ] ; then\n    # print error to STDERR\n    echo \"error: The sandbox is not in sync with the Podfile.lock. Run 'pod install' or update your CocoaPods installation.\" >&2\n    exit 1\nfi\n# This output is used by Xcode 'outputs' to avoid re-running this script phase.\necho \"SUCCESS\" > \"${SCRIPT_OUTPUT_FILE_0}\"\n";
			showEnvVarsInLog = 0;
		};
		6A754380CF4775B05A412576 /* [CP] Embed Pods Frameworks */ = {
			isa = PBXShellScriptBuildPhase;
			buildActionMask = 2147483647;
			files = (
			);
			inputFileListPaths = (
				"${PODS_ROOT}/Target Support Files/Pods-DemoCustomPageViewController/Pods-DemoCustomPageViewController-frameworks-${CONFIGURATION}-input-files.xcfilelist",
			);
			name = "[CP] Embed Pods Frameworks";
			outputFileListPaths = (
				"${PODS_ROOT}/Target Support Files/Pods-DemoCustomPageViewController/Pods-DemoCustomPageViewController-frameworks-${CONFIGURATION}-output-files.xcfilelist",
			);
			runOnlyForDeploymentPostprocessing = 0;
			shellPath = /bin/sh;
			shellScript = "\"${PODS_ROOT}/Target Support Files/Pods-DemoCustomPageViewController/Pods-DemoCustomPageViewController-frameworks.sh\"\n";
			showEnvVarsInLog = 0;
		};
/* End PBXShellScriptBuildPhase section */

/* Begin PBXSourcesBuildPhase section */
		055CB27125A7676900053F18 /* Sources */ = {
			isa = PBXSourcesBuildPhase;
			buildActionMask = 2147483647;
			files = (
				055CB27D25A7676900053F18 /* ViewController.swift in Sources */,
				055CB27925A7676900053F18 /* AppDelegate.swift in Sources */,
				055CB28E25A767D000053F18 /* UIView+Extension.swift in Sources */,
				055CB29125A7689C00053F18 /* CustomPageViewController.swift in Sources */,
				055CB27B25A7676900053F18 /* SceneDelegate.swift in Sources */,
			);
			runOnlyForDeploymentPostprocessing = 0;
		};
/* End PBXSourcesBuildPhase section */

/* Begin PBXVariantGroup section */
		055CB27E25A7676900053F18 /* Main.storyboard */ = {
			isa = PBXVariantGroup;
			children = (
				055CB27F25A7676900053F18 /* Base */,
			);
			name = Main.storyboard;
			sourceTree = "<group>";
		};
		055CB28325A7676B00053F18 /* LaunchScreen.storyboard */ = {
			isa = PBXVariantGroup;
			children = (
				055CB28425A7676B00053F18 /* Base */,
			);
			name = LaunchScreen.storyboard;
			sourceTree = "<group>";
		};
/* End PBXVariantGroup section */

/* Begin XCBuildConfiguration section */
		055CB28725A7676B00053F18 /* Debug */ = {
			isa = XCBuildConfiguration;
			buildSettings = {
				ALWAYS_SEARCH_USER_PATHS = NO;
				CLANG_ANALYZER_NONNULL = YES;
				CLANG_ANALYZER_NUMBER_OBJECT_CONVERSION = YES_AGGRESSIVE;
				CLANG_CXX_LANGUAGE_STANDARD = "gnu++14";
				CLANG_CXX_LIBRARY = "libc++";
				CLANG_ENABLE_MODULES = YES;
				CLANG_ENABLE_OBJC_ARC = YES;
				CLANG_ENABLE_OBJC_WEAK = YES;
				CLANG_WARN_BLOCK_CAPTURE_AUTORELEASING = YES;
				CLANG_WARN_BOOL_CONVERSION = YES;
				CLANG_WARN_COMMA = YES;
				CLANG_WARN_CONSTANT_CONVERSION = YES;
				CLANG_WARN_DEPRECATED_OBJC_IMPLEMENTATIONS = YES;
				CLANG_WARN_DIRECT_OBJC_ISA_USAGE = YES_ERROR;
				CLANG_WARN_DOCUMENTATION_COMMENTS = YES;
				CLANG_WARN_EMPTY_BODY = YES;
				CLANG_WARN_ENUM_CONVERSION = YES;
				CLANG_WARN_INFINITE_RECURSION = YES;
				CLANG_WARN_INT_CONVERSION = YES;
				CLANG_WARN_NON_LITERAL_NULL_CONVERSION = YES;
				CLANG_WARN_OBJC_IMPLICIT_RETAIN_SELF = YES;
				CLANG_WARN_OBJC_LITERAL_CONVERSION = YES;
				CLANG_WARN_OBJC_ROOT_CLASS = YES_ERROR;
				CLANG_WARN_QUOTED_INCLUDE_IN_FRAMEWORK_HEADER = YES;
				CLANG_WARN_RANGE_LOOP_ANALYSIS = YES;
				CLANG_WARN_STRICT_PROTOTYPES = YES;
				CLANG_WARN_SUSPICIOUS_MOVE = YES;
				CLANG_WARN_UNGUARDED_AVAILABILITY = YES_AGGRESSIVE;
				CLANG_WARN_UNREACHABLE_CODE = YES;
				CLANG_WARN__DUPLICATE_METHOD_MATCH = YES;
				COPY_PHASE_STRIP = NO;
				DEBUG_INFORMATION_FORMAT = dwarf;
				ENABLE_STRICT_OBJC_MSGSEND = YES;
				ENABLE_TESTABILITY = YES;
				GCC_C_LANGUAGE_STANDARD = gnu11;
				GCC_DYNAMIC_NO_PIC = NO;
				GCC_NO_COMMON_BLOCKS = YES;
				GCC_OPTIMIZATION_LEVEL = 0;
				GCC_PREPROCESSOR_DEFINITIONS = (
					"DEBUG=1",
					"$(inherited)",
				);
				GCC_WARN_64_TO_32_BIT_CONVERSION = YES;
				GCC_WARN_ABOUT_RETURN_TYPE = YES_ERROR;
				GCC_WARN_UNDECLARED_SELECTOR = YES;
				GCC_WARN_UNINITIALIZED_AUTOS = YES_AGGRESSIVE;
				GCC_WARN_UNUSED_FUNCTION = YES;
				GCC_WARN_UNUSED_VARIABLE = YES;
				IPHONEOS_DEPLOYMENT_TARGET = 14.2;
				MTL_ENABLE_DEBUG_INFO = INCLUDE_SOURCE;
				MTL_FAST_MATH = YES;
				ONLY_ACTIVE_ARCH = YES;
				SDKROOT = iphoneos;
				SWIFT_ACTIVE_COMPILATION_CONDITIONS = DEBUG;
				SWIFT_OPTIMIZATION_LEVEL = "-Onone";
			};
			name = Debug;
		};
		055CB28825A7676B00053F18 /* Release */ = {
			isa = XCBuildConfiguration;
			buildSettings = {
				ALWAYS_SEARCH_USER_PATHS = NO;
				CLANG_ANALYZER_NONNULL = YES;
				CLANG_ANALYZER_NUMBER_OBJECT_CONVERSION = YES_AGGRESSIVE;
				CLANG_CXX_LANGUAGE_STANDARD = "gnu++14";
				CLANG_CXX_LIBRARY = "libc++";
				CLANG_ENABLE_MODULES = YES;
				CLANG_ENABLE_OBJC_ARC = YES;
				CLANG_ENABLE_OBJC_WEAK = YES;
				CLANG_WARN_BLOCK_CAPTURE_AUTORELEASING = YES;
				CLANG_WARN_BOOL_CONVERSION = YES;
				CLANG_WARN_COMMA = YES;
				CLANG_WARN_CONSTANT_CONVERSION = YES;
				CLANG_WARN_DEPRECATED_OBJC_IMPLEMENTATIONS = YES;
				CLANG_WARN_DIRECT_OBJC_ISA_USAGE = YES_ERROR;
				CLANG_WARN_DOCUMENTATION_COMMENTS = YES;
				CLANG_WARN_EMPTY_BODY = YES;
				CLANG_WARN_ENUM_CONVERSION = YES;
				CLANG_WARN_INFINITE_RECURSION = YES;
				CLANG_WARN_INT_CONVERSION = YES;
				CLANG_WARN_NON_LITERAL_NULL_CONVERSION = YES;
				CLANG_WARN_OBJC_IMPLICIT_RETAIN_SELF = YES;
				CLANG_WARN_OBJC_LITERAL_CONVERSION = YES;
				CLANG_WARN_OBJC_ROOT_CLASS = YES_ERROR;
				CLANG_WARN_QUOTED_INCLUDE_IN_FRAMEWORK_HEADER = YES;
				CLANG_WARN_RANGE_LOOP_ANALYSIS = YES;
				CLANG_WARN_STRICT_PROTOTYPES = YES;
				CLANG_WARN_SUSPICIOUS_MOVE = YES;
				CLANG_WARN_UNGUARDED_AVAILABILITY = YES_AGGRESSIVE;
				CLANG_WARN_UNREACHABLE_CODE = YES;
				CLANG_WARN__DUPLICATE_METHOD_MATCH = YES;
				COPY_PHASE_STRIP = NO;
				DEBUG_INFORMATION_FORMAT = "dwarf-with-dsym";
				ENABLE_NS_ASSERTIONS = NO;
				ENABLE_STRICT_OBJC_MSGSEND = YES;
				GCC_C_LANGUAGE_STANDARD = gnu11;
				GCC_NO_COMMON_BLOCKS = YES;
				GCC_WARN_64_TO_32_BIT_CONVERSION = YES;
				GCC_WARN_ABOUT_RETURN_TYPE = YES_ERROR;
				GCC_WARN_UNDECLARED_SELECTOR = YES;
				GCC_WARN_UNINITIALIZED_AUTOS = YES_AGGRESSIVE;
				GCC_WARN_UNUSED_FUNCTION = YES;
				GCC_WARN_UNUSED_VARIABLE = YES;
				IPHONEOS_DEPLOYMENT_TARGET = 14.2;
				MTL_ENABLE_DEBUG_INFO = NO;
				MTL_FAST_MATH = YES;
				SDKROOT = iphoneos;
				SWIFT_COMPILATION_MODE = wholemodule;
				SWIFT_OPTIMIZATION_LEVEL = "-O";
				VALIDATE_PRODUCT = YES;
			};
			name = Release;
		};
		055CB28A25A7676B00053F18 /* Debug */ = {
			isa = XCBuildConfiguration;
			baseConfigurationReference = 43D98624B8C05FC08E26FD9A /* Pods-DemoCustomPageViewController.debug.xcconfig */;
			buildSettings = {
				ASSETCATALOG_COMPILER_APPICON_NAME = AppIcon;
				ASSETCATALOG_COMPILER_GLOBAL_ACCENT_COLOR_NAME = AccentColor;
				CODE_SIGN_STYLE = Automatic;
				DEVELOPMENT_TEAM = T6QW536M34;
				INFOPLIST_FILE = DemoCustomPageViewController/Info.plist;
				LD_RUNPATH_SEARCH_PATHS = (
					"$(inherited)",
					"@executable_path/Frameworks",
				);
				PRODUCT_BUNDLE_IDENTIFIER = xuanhuy.DemoCustomPageViewController;
				PRODUCT_NAME = "$(TARGET_NAME)";
				SWIFT_VERSION = 5.0;
				TARGETED_DEVICE_FAMILY = "1,2";
			};
			name = Debug;
		};
		055CB28B25A7676B00053F18 /* Release */ = {
			isa = XCBuildConfiguration;
			baseConfigurationReference = AFDC9B54B678567778432A8B /* Pods-DemoCustomPageViewController.release.xcconfig */;
			buildSettings = {
				ASSETCATALOG_COMPILER_APPICON_NAME = AppIcon;
				ASSETCATALOG_COMPILER_GLOBAL_ACCENT_COLOR_NAME = AccentColor;
				CODE_SIGN_STYLE = Automatic;
				DEVELOPMENT_TEAM = T6QW536M34;
				INFOPLIST_FILE = DemoCustomPageViewController/Info.plist;
				LD_RUNPATH_SEARCH_PATHS = (
					"$(inherited)",
					"@executable_path/Frameworks",
				);
				PRODUCT_BUNDLE_IDENTIFIER = xuanhuy.DemoCustomPageViewController;
				PRODUCT_NAME = "$(TARGET_NAME)";
				SWIFT_VERSION = 5.0;
				TARGETED_DEVICE_FAMILY = "1,2";
			};
			name = Release;
		};
/* End XCBuildConfiguration section */

/* Begin XCConfigurationList section */
		055CB27025A7676900053F18 /* Build configuration list for PBXProject "DemoCustomPageViewController" */ = {
			isa = XCConfigurationList;
			buildConfigurations = (
				055CB28725A7676B00053F18 /* Debug */,
				055CB28825A7676B00053F18 /* Release */,
			);
			defaultConfigurationIsVisible = 0;
			defaultConfigurationName = Release;
		};
		055CB28925A7676B00053F18 /* Build configuration list for PBXNativeTarget "DemoCustomPageViewController" */ = {
			isa = XCConfigurationList;
			buildConfigurations = (
				055CB28A25A7676B00053F18 /* Debug */,
				055CB28B25A7676B00053F18 /* Release */,
			);
			defaultConfigurationIsVisible = 0;
			defaultConfigurationName = Release;
		};
/* End XCConfigurationList section */
	};
	rootObject = 055CB26D25A7676900053F18 /* Project object */;
}
